
Microsoft Visual Studio Solution File, Format Version 12.00
# Visual Studio 14
VisualStudioVersion = 14.0.25123.0
MinimumVisualStudioVersion = 10.0.40219.1
Project("{FAE04EC0-301F-11D3-BF4B-00C04F79EFBC}") = "ShapeNinjaKinectWPF", "ShapeNinjaKinectWPF\ShapeNinjaKinectWPF.csproj", "{994E347F-4C5C-4F0D-B359-22DFA493A60E}"
EndProject
Global
	GlobalSection(SolutionConfigurationPlatforms) = preSolution
		Debug|Any CPU = Debug|Any CPU
		Release|Any CPU = Release|Any CPU
	EndGlobalSection
	GlobalSection(ProjectConfigurationPlatforms) = postSolution
		{994E347F-4C5C-4F0D-B359-22DFA493A60E}.Debug|Any CPU.ActiveCfg = Debug|Any CPU
		{994E347F-4C5C-4F0D-B359-22DFA493A60E}.Debug|Any CPU.Build.0 = Debug|Any CPU
		{994E347F-4C5C-4F0D-B359-22DFA493A60E}.Release|Any CPU.ActiveCfg = Release|Any CPU
		{994E347F-4C5C-4F0D-B359-22DFA493A60E}.Release|Any CPU.Build.0 = Release|Any CPU
	EndGlobalSection
	GlobalSection(SolutionProperties) = preSolution
		HideSolutionNode = FALSE
	EndGlobalSection
EndGlobal
